
Microsoft Visual Studio Solution File, Format Version 12.00
# Visual Studio 15
VisualStudioVersion = 15.0.27703.2042
MinimumVisualStudioVersion = 10.0.40219.1
Project("{8BC9CEB8-8B4A-11D0-8D11-00A0C91BC942}") = "PeekMessage", "PeekMessage\PeekMessage.vcxproj", "{E7EE3130-B969-40B1-BFF0-70C0E582D4D1}"
EndProject
Global
	GlobalSection(SolutionConfigurationPlatforms) = preSolution
		Debug|x64 = Debug|x64
		Debug|x86 = Debug|x86
		Release|x64 = Release|x64
		Release|x86 = Release|x86
	EndGlobalSection
	GlobalSection(ProjectConfigurationPlatforms) = postSolution
		{E7EE3130-B969-40B1-BFF0-70C0E582D4D1}.Debug|x64.ActiveCfg = Debug|x64
		{E7EE3130-B969-40B1-BFF0-70C0E582D4D1}.Debug|x64.Build.0 = Debug|x64
		{E7EE3130-B969-40B1-BFF0-70C0E582D4D1}.Debug|x86.ActiveCfg = Debug|Win32
		{E7EE3130-B969-40B1-BFF0-70C0E582D4D1}.Debug|x86.Build.0 = Debug|Win32
		{E7EE3130-B969-40B1-BFF0-70C0E582D4D1}.Release|x64.ActiveCfg = Release|x64
		{E7EE3130-B969-40B1-BFF0-70C0E582D4D1}.Release|x64.Build.0 = Release|x64
		{E7EE3130-B969-40B1-BFF0-70C0E582D4D1}.Release|x86.ActiveCfg = Release|Win32
		{E7EE3130-B969-40B1-BFF0-70C0E582D4D1}.Release|x86.Build.0 = Release|Win32
	EndGlobalSection
	GlobalSection(SolutionProperties) = preSolution
		HideSolutionNode = FALSE
	EndGlobalSection
	GlobalSection(ExtensibilityGlobals) = postSolution
		SolutionGuid = {52D2BF3F-0654-4085-941A-EE80EF570B26}
	EndGlobalSection
EndGlobal
